
Microsoft Visual Studio Solution File, Format Version 12.00
# Visual Studio 15
VisualStudioVersion = 15.0.26124.0
MinimumVisualStudioVersion = 15.0.26124.0
Project("{FAE04EC0-301F-11D3-BF4B-00C04F79EFBC}") = "application", "Api.Application\application.csproj", "{8A3AE586-0B85-4E4B-A2F6-83044DC5C8B8}"
EndProject
Project("{FAE04EC0-301F-11D3-BF4B-00C04F79EFBC}") = "Domain", "Api.Domain\Domain.csproj", "{219EA858-9731-405A-98B1-BD97E954FB9D}"
EndProject
Project("{FAE04EC0-301F-11D3-BF4B-00C04F79EFBC}") = "CrossCutting", "Api.CrossCutting\CrossCutting.csproj", "{56CEA7BB-7516-4D75-A499-B986E5AC59C2}"
EndProject
Project("{FAE04EC0-301F-11D3-BF4B-00C04F79EFBC}") = "Data", "Api.Data\Data.csproj", "{18BD3ADF-0BD1-4305-8D3E-C61030A7C537}"
EndProject
Project("{FAE04EC0-301F-11D3-BF4B-00C04F79EFBC}") = "Service", "Api.Service\Service.csproj", "{B525F2DB-A50F-4E73-B39A-779A57CBC2A6}"
EndProject
Project("{2150E333-8FDC-42A3-9474-1A3956D46DE8}") = "Api.Test", "Api.Test", "{B70A8A5A-F29F-4B7D-91A6-AB52B7729980}"
EndProject
Project("{FAE04EC0-301F-11D3-BF4B-00C04F79EFBC}") = "Api.Data.Test", "Api.Test\Api.Data.Test\Api.Data.Test.csproj", "{FC048F88-E80B-46AC-88E8-C6F53DCB6AD4}"
EndProject
Global
	GlobalSection(SolutionConfigurationPlatforms) = preSolution
		Debug|Any CPU = Debug|Any CPU
		Debug|x64 = Debug|x64
		Debug|x86 = Debug|x86
		Release|Any CPU = Release|Any CPU
		Release|x64 = Release|x64
		Release|x86 = Release|x86
	EndGlobalSection
	GlobalSection(SolutionProperties) = preSolution
		HideSolutionNode = FALSE
	EndGlobalSection
	GlobalSection(ProjectConfigurationPlatforms) = postSolution
		{8A3AE586-0B85-4E4B-A2F6-83044DC5C8B8}.Debug|Any CPU.ActiveCfg = Debug|Any CPU
		{8A3AE586-0B85-4E4B-A2F6-83044DC5C8B8}.Debug|Any CPU.Build.0 = Debug|Any CPU
		{8A3AE586-0B85-4E4B-A2F6-83044DC5C8B8}.Debug|x64.ActiveCfg = Debug|Any CPU
		{8A3AE586-0B85-4E4B-A2F6-83044DC5C8B8}.Debug|x64.Build.0 = Debug|Any CPU
		{8A3AE586-0B85-4E4B-A2F6-83044DC5C8B8}.Debug|x86.ActiveCfg = Debug|Any CPU
		{8A3AE586-0B85-4E4B-A2F6-83044DC5C8B8}.Debug|x86.Build.0 = Debug|Any CPU
		{8A3AE586-0B85-4E4B-A2F6-83044DC5C8B8}.Release|Any CPU.ActiveCfg = Release|Any CPU
		{8A3AE586-0B85-4E4B-A2F6-83044DC5C8B8}.Release|Any CPU.Build.0 = Release|Any CPU
		{8A3AE586-0B85-4E4B-A2F6-83044DC5C8B8}.Release|x64.ActiveCfg = Release|Any CPU
		{8A3AE586-0B85-4E4B-A2F6-83044DC5C8B8}.Release|x64.Build.0 = Release|Any CPU
		{8A3AE586-0B85-4E4B-A2F6-83044DC5C8B8}.Release|x86.ActiveCfg = Release|Any CPU
		{8A3AE586-0B85-4E4B-A2F6-83044DC5C8B8}.Release|x86.Build.0 = Release|Any CPU
		{219EA858-9731-405A-98B1-BD97E954FB9D}.Debug|Any CPU.ActiveCfg = Debug|Any CPU
		{219EA858-9731-405A-98B1-BD97E954FB9D}.Debug|Any CPU.Build.0 = Debug|Any CPU
		{219EA858-9731-405A-98B1-BD97E954FB9D}.Debug|x64.ActiveCfg = Debug|Any CPU
		{219EA858-9731-405A-98B1-BD97E954FB9D}.Debug|x64.Build.0 = Debug|Any CPU
		{219EA858-9731-405A-98B1-BD97E954FB9D}.Debug|x86.ActiveCfg = Debug|Any CPU
		{219EA858-9731-405A-98B1-BD97E954FB9D}.Debug|x86.Build.0 = Debug|Any CPU
		{219EA858-9731-405A-98B1-BD97E954FB9D}.Release|Any CPU.ActiveCfg = Release|Any CPU
		{219EA858-9731-405A-98B1-BD97E954FB9D}.Release|Any CPU.Build.0 = Release|Any CPU
		{219EA858-9731-405A-98B1-BD97E954FB9D}.Release|x64.ActiveCfg = Release|Any CPU
		{219EA858-9731-405A-98B1-BD97E954FB9D}.Release|x64.Build.0 = Release|Any CPU
		{219EA858-9731-405A-98B1-BD97E954FB9D}.Release|x86.ActiveCfg = Release|Any CPU
		{219EA858-9731-405A-98B1-BD97E954FB9D}.Release|x86.Build.0 = Release|Any CPU
		{56CEA7BB-7516-4D75-A499-B986E5AC59C2}.Debug|Any CPU.ActiveCfg = Debug|Any CPU
		{56CEA7BB-7516-4D75-A499-B986E5AC59C2}.Debug|Any CPU.Build.0 = Debug|Any CPU
		{56CEA7BB-7516-4D75-A499-B986E5AC59C2}.Debug|x64.ActiveCfg = Debug|Any CPU
		{56CEA7BB-7516-4D75-A499-B986E5AC59C2}.Debug|x64.Build.0 = Debug|Any CPU
		{56CEA7BB-7516-4D75-A499-B986E5AC59C2}.Debug|x86.ActiveCfg = Debug|Any CPU
		{56CEA7BB-7516-4D75-A499-B986E5AC59C2}.Debug|x86.Build.0 = Debug|Any CPU
		{56CEA7BB-7516-4D75-A499-B986E5AC59C2}.Release|Any CPU.ActiveCfg = Release|Any CPU
		{56CEA7BB-7516-4D75-A499-B986E5AC59C2}.Release|Any CPU.Build.0 = Release|Any CPU
		{56CEA7BB-7516-4D75-A499-B986E5AC59C2}.Release|x64.ActiveCfg = Release|Any CPU
		{56CEA7BB-7516-4D75-A499-B986E5AC59C2}.Release|x64.Build.0 = Release|Any CPU
		{56CEA7BB-7516-4D75-A499-B986E5AC59C2}.Release|x86.ActiveCfg = Release|Any CPU
		{56CEA7BB-7516-4D75-A499-B986E5AC59C2}.Release|x86.Build.0 = Release|Any CPU
		{18BD3ADF-0BD1-4305-8D3E-C61030A7C537}.Debug|Any CPU.ActiveCfg = Debug|Any CPU
		{18BD3ADF-0BD1-4305-8D3E-C61030A7C537}.Debug|Any CPU.Build.0 = Debug|Any CPU
		{18BD3ADF-0BD1-4305-8D3E-C61030A7C537}.Debug|x64.ActiveCfg = Debug|Any CPU
		{18BD3ADF-0BD1-4305-8D3E-C61030A7C537}.Debug|x64.Build.0 = Debug|Any CPU
		{18BD3ADF-0BD1-4305-8D3E-C61030A7C537}.Debug|x86.ActiveCfg = Debug|Any CPU
		{18BD3ADF-0BD1-4305-8D3E-C61030A7C537}.Debug|x86.Build.0 = Debug|Any CPU
		{18BD3ADF-0BD1-4305-8D3E-C61030A7C537}.Release|Any CPU.ActiveCfg = Release|Any CPU
		{18BD3ADF-0BD1-4305-8D3E-C61030A7C537}.Release|Any CPU.Build.0 = Release|Any CPU
		{18BD3ADF-0BD1-4305-8D3E-C61030A7C537}.Release|x64.ActiveCfg = Release|Any CPU
		{18BD3ADF-0BD1-4305-8D3E-C61030A7C537}.Release|x64.Build.0 = Release|Any CPU
		{18BD3ADF-0BD1-4305-8D3E-C61030A7C537}.Release|x86.ActiveCfg = Release|Any CPU
		{18BD3ADF-0BD1-4305-8D3E-C61030A7C537}.Release|x86.Build.0 = Release|Any CPU
		{B525F2DB-A50F-4E73-B39A-779A57CBC2A6}.Debug|Any CPU.ActiveCfg = Debug|Any CPU
		{B525F2DB-A50F-4E73-B39A-779A57CBC2A6}.Debug|Any CPU.Build.0 = Debug|Any CPU
		{B525F2DB-A50F-4E73-B39A-779A57CBC2A6}.Debug|x64.ActiveCfg = Debug|Any CPU
		{B525F2DB-A50F-4E73-B39A-779A57CBC2A6}.Debug|x64.Build.0 = Debug|Any CPU
		{B525F2DB-A50F-4E73-B39A-779A57CBC2A6}.Debug|x86.ActiveCfg = Debug|Any CPU
		{B525F2DB-A50F-4E73-B39A-779A57CBC2A6}.Debug|x86.Build.0 = Debug|Any CPU
		{B525F2DB-A50F-4E73-B39A-779A57CBC2A6}.Release|Any CPU.ActiveCfg = Release|Any CPU
		{B525F2DB-A50F-4E73-B39A-779A57CBC2A6}.Release|Any CPU.Build.0 = Release|Any CPU
		{B525F2DB-A50F-4E73-B39A-779A57CBC2A6}.Release|x64.ActiveCfg = Release|Any CPU
		{B525F2DB-A50F-4E73-B39A-779A57CBC2A6}.Release|x64.Build.0 = Release|Any CPU
		{B525F2DB-A50F-4E73-B39A-779A57CBC2A6}.Release|x86.ActiveCfg = Release|Any CPU
		{B525F2DB-A50F-4E73-B39A-779A57CBC2A6}.Release|x86.Build.0 = Release|Any CPU
		{FC048F88-E80B-46AC-88E8-C6F53DCB6AD4}.Debug|Any CPU.ActiveCfg = Debug|Any CPU
		{FC048F88-E80B-46AC-88E8-C6F53DCB6AD4}.Debug|Any CPU.Build.0 = Debug|Any CPU
		{FC048F88-E80B-46AC-88E8-C6F53DCB6AD4}.Debug|x64.ActiveCfg = Debug|Any CPU
		{FC048F88-E80B-46AC-88E8-C6F53DCB6AD4}.Debug|x64.Build.0 = Debug|Any CPU
		{FC048F88-E80B-46AC-88E8-C6F53DCB6AD4}.Debug|x86.ActiveCfg = Debug|Any CPU
		{FC048F88-E80B-46AC-88E8-C6F53DCB6AD4}.Debug|x86.Build.0 = Debug|Any CPU
		{FC048F88-E80B-46AC-88E8-C6F53DCB6AD4}.Release|Any CPU.ActiveCfg = Release|Any CPU
		{FC048F88-E80B-46AC-88E8-C6F53DCB6AD4}.Release|Any CPU.Build.0 = Release|Any CPU
		{FC048F88-E80B-46AC-88E8-C6F53DCB6AD4}.Release|x64.ActiveCfg = Release|Any CPU
		{FC048F88-E80B-46AC-88E8-C6F53DCB6AD4}.Release|x64.Build.0 = Release|Any CPU
		{FC048F88-E80B-46AC-88E8-C6F53DCB6AD4}.Release|x86.ActiveCfg = Release|Any CPU
		{FC048F88-E80B-46AC-88E8-C6F53DCB6AD4}.Release|x86.Build.0 = Release|Any CPU
	EndGlobalSection
	GlobalSection(NestedProjects) = preSolution
		{FC048F88-E80B-46AC-88E8-C6F53DCB6AD4} = {B70A8A5A-F29F-4B7D-91A6-AB52B7729980}
	EndGlobalSection
EndGlobal
